{
  "requires": true,
  "lockfileVersion": 1,
  "dependencies": {
    "buefy": {
      "version": "0.7.8",
      "resolved": "https://registry.npmjs.org/buefy/-/buefy-0.7.8.tgz",
      "integrity": "sha512-ygOY/83spIkjRtqFd9I8ibPcvmVUotwljBqyHaQGhePXWkTFOnkIwDQZeMMAiB1FGWP5omFZ49e0yUXvbLK37A==",
      "requires": {
        "bulma": "0.7.5"
      }
    },
    "bulma": {
      "version": "0.7.5",
      "resolved": "https://registry.npmjs.org/bulma/-/bulma-0.7.5.tgz",
      "integrity": "sha512-cX98TIn0I6sKba/DhW0FBjtaDpxTelU166pf7ICXpCCuplHWyu6C9LYZmL5PEsnePIeJaiorsTEzzNk3Tsm1hw=="
    }
  }
}
